
Microsoft Visual Studio Solution File, Format Version 12.00
# Visual Studio 2013
VisualStudioVersion = 12.0.31101.0
MinimumVisualStudioVersion = 10.0.40219.1
Project("{FAE04EC0-301F-11D3-BF4B-00C04F79EFBC}") = "DSmall.DynamicsCrm.Plugins.Core", "DSmall.DynamicsCrm.Plugins.Core\DSmall.DynamicsCrm.Plugins.Core.csproj", "{E197B96D-55C5-4982-9F7B-2B0B761D3D59}"
EndProject
Project("{FAE04EC0-301F-11D3-BF4B-00C04F79EFBC}") = "DSmall.DynamicsCrm.Plugins.Core.UnitTest", "DSmall.DynamicsCrm.Plugins.Core.UnitTest\DSmall.DynamicsCrm.Plugins.Core.UnitTest.csproj", "{08EA28E5-14DA-4B53-BB25-EF80A11BD447}"
EndProject
Project("{2150E333-8FDC-42A3-9474-1A3956D46DE8}") = "Solution Items", "Solution Items", "{517D7267-D735-4F52-BC15-0601EB09CE83}"
	ProjectSection(SolutionItems) = preProject
		CodeCoverage.runsettings = CodeCoverage.runsettings
	EndProjectSection
EndProject
Global
	GlobalSection(SolutionConfigurationPlatforms) = preSolution
		Debug|Any CPU = Debug|Any CPU
		Release|Any CPU = Release|Any CPU
	EndGlobalSection
	GlobalSection(ProjectConfigurationPlatforms) = postSolution
		{E197B96D-55C5-4982-9F7B-2B0B761D3D59}.Debug|Any CPU.ActiveCfg = Debug|Any CPU
		{E197B96D-55C5-4982-9F7B-2B0B761D3D59}.Debug|Any CPU.Build.0 = Debug|Any CPU
		{E197B96D-55C5-4982-9F7B-2B0B761D3D59}.Release|Any CPU.ActiveCfg = Release|Any CPU
		{E197B96D-55C5-4982-9F7B-2B0B761D3D59}.Release|Any CPU.Build.0 = Release|Any CPU
		{08EA28E5-14DA-4B53-BB25-EF80A11BD447}.Debug|Any CPU.ActiveCfg = Debug|Any CPU
		{08EA28E5-14DA-4B53-BB25-EF80A11BD447}.Debug|Any CPU.Build.0 = Debug|Any CPU
		{08EA28E5-14DA-4B53-BB25-EF80A11BD447}.Release|Any CPU.ActiveCfg = Release|Any CPU
		{08EA28E5-14DA-4B53-BB25-EF80A11BD447}.Release|Any CPU.Build.0 = Release|Any CPU
	EndGlobalSection
	GlobalSection(SolutionProperties) = preSolution
		HideSolutionNode = FALSE
	EndGlobalSection
EndGlobal
